
Microsoft Visual Studio Solution File, Format Version 12.00
# Visual Studio Version 17
VisualStudioVersion = 17.10.35004.147
MinimumVisualStudioVersion = 10.0.40219.1
Project("{FAE04EC0-301F-11D3-BF4B-00C04F79EFBC}") = "API", "API\API.csproj", "{96BF6F2B-5261-4D1A-B36C-E7EE96B7FBA0}"
EndProject
Project("{FAE04EC0-301F-11D3-BF4B-00C04F79EFBC}") = "Core", "Core\Core.csproj", "{430D79C3-3984-4229-B67E-679C00D6FCD6}"
EndProject
Project("{FAE04EC0-301F-11D3-BF4B-00C04F79EFBC}") = "Infrastructure", "Infrastructure\Infrastructure.csproj", "{7150B856-0ECC-4776-BE57-427FD124FF52}"
EndProject
Global
	GlobalSection(SolutionConfigurationPlatforms) = preSolution
		Debug|Any CPU = Debug|Any CPU
		Release|Any CPU = Release|Any CPU
	EndGlobalSection
	GlobalSection(ProjectConfigurationPlatforms) = postSolution
		{96BF6F2B-5261-4D1A-B36C-E7EE96B7FBA0}.Debug|Any CPU.ActiveCfg = Debug|Any CPU
		{96BF6F2B-5261-4D1A-B36C-E7EE96B7FBA0}.Debug|Any CPU.Build.0 = Debug|Any CPU
		{96BF6F2B-5261-4D1A-B36C-E7EE96B7FBA0}.Release|Any CPU.ActiveCfg = Release|Any CPU
		{96BF6F2B-5261-4D1A-B36C-E7EE96B7FBA0}.Release|Any CPU.Build.0 = Release|Any CPU
		{430D79C3-3984-4229-B67E-679C00D6FCD6}.Debug|Any CPU.ActiveCfg = Debug|Any CPU
		{430D79C3-3984-4229-B67E-679C00D6FCD6}.Debug|Any CPU.Build.0 = Debug|Any CPU
		{430D79C3-3984-4229-B67E-679C00D6FCD6}.Release|Any CPU.ActiveCfg = Release|Any CPU
		{430D79C3-3984-4229-B67E-679C00D6FCD6}.Release|Any CPU.Build.0 = Release|Any CPU
		{7150B856-0ECC-4776-BE57-427FD124FF52}.Debug|Any CPU.ActiveCfg = Debug|Any CPU
		{7150B856-0ECC-4776-BE57-427FD124FF52}.Debug|Any CPU.Build.0 = Debug|Any CPU
		{7150B856-0ECC-4776-BE57-427FD124FF52}.Release|Any CPU.ActiveCfg = Release|Any CPU
		{7150B856-0ECC-4776-BE57-427FD124FF52}.Release|Any CPU.Build.0 = Release|Any CPU
	EndGlobalSection
	GlobalSection(SolutionProperties) = preSolution
		HideSolutionNode = FALSE
	EndGlobalSection
	GlobalSection(ExtensibilityGlobals) = postSolution
		SolutionGuid = {BB2325FA-25BE-4B55-B194-DB7550999442}
	EndGlobalSection
EndGlobal
